
Microsoft Visual Studio Solution File, Format Version 12.00
# Visual Studio Version 17
VisualStudioVersion = 17.12.35707.178
MinimumVisualStudioVersion = 10.0.40219.1
Project("{FAE04EC0-301F-11D3-BF4B-00C04F79EFBC}") = "eUseControl.Web", "Lab_1\eUseControl.Web.csproj", "{ACE1F3CC-A104-41AA-9A54-EEDDEFA6DA1D}"
	ProjectSection(ProjectDependencies) = postProject
		{27D55080-861B-48FA-B648-A3FAAB76B891} = {27D55080-861B-48FA-B648-A3FAAB76B891}
		{437FD447-44DE-4893-AE7A-286647DA4DB7} = {437FD447-44DE-4893-AE7A-286647DA4DB7}
		{7EAF4BA6-C336-497F-9229-B38618BA92DA} = {7EAF4BA6-C336-497F-9229-B38618BA92DA}
	EndProjectSection
EndProject
Project("{FAE04EC0-301F-11D3-BF4B-00C04F79EFBC}") = "eUseControl.BusinessLogic", "eUseControl.BusinessLogic\eUseControl.BusinessLogic.csproj", "{7EAF4BA6-C336-497F-9229-B38618BA92DA}"
	ProjectSection(ProjectDependencies) = postProject
		{27D55080-861B-48FA-B648-A3FAAB76B891} = {27D55080-861B-48FA-B648-A3FAAB76B891}
		{437FD447-44DE-4893-AE7A-286647DA4DB7} = {437FD447-44DE-4893-AE7A-286647DA4DB7}
	EndProjectSection
EndProject
Project("{FAE04EC0-301F-11D3-BF4B-00C04F79EFBC}") = "eUseControl.Domain", "eUseControl.Domain\eUseControl.Domain.csproj", "{437FD447-44DE-4893-AE7A-286647DA4DB7}"
	ProjectSection(ProjectDependencies) = postProject
		{27D55080-861B-48FA-B648-A3FAAB76B891} = {27D55080-861B-48FA-B648-A3FAAB76B891}
	EndProjectSection
EndProject
Project("{FAE04EC0-301F-11D3-BF4B-00C04F79EFBC}") = "eUseControl.Helpers", "eUseControl.Helpers\eUseControl.Helpers.csproj", "{27D55080-861B-48FA-B648-A3FAAB76B891}"
EndProject
Global
	GlobalSection(SolutionConfigurationPlatforms) = preSolution
		Debug|Any CPU = Debug|Any CPU
		Release|Any CPU = Release|Any CPU
	EndGlobalSection
	GlobalSection(ProjectConfigurationPlatforms) = postSolution
		{ACE1F3CC-A104-41AA-9A54-EEDDEFA6DA1D}.Debug|Any CPU.ActiveCfg = Debug|Any CPU
		{ACE1F3CC-A104-41AA-9A54-EEDDEFA6DA1D}.Debug|Any CPU.Build.0 = Debug|Any CPU
		{ACE1F3CC-A104-41AA-9A54-EEDDEFA6DA1D}.Release|Any CPU.ActiveCfg = Release|Any CPU
		{ACE1F3CC-A104-41AA-9A54-EEDDEFA6DA1D}.Release|Any CPU.Build.0 = Release|Any CPU
		{7EAF4BA6-C336-497F-9229-B38618BA92DA}.Debug|Any CPU.ActiveCfg = Debug|Any CPU
		{7EAF4BA6-C336-497F-9229-B38618BA92DA}.Debug|Any CPU.Build.0 = Debug|Any CPU
		{7EAF4BA6-C336-497F-9229-B38618BA92DA}.Release|Any CPU.ActiveCfg = Release|Any CPU
		{7EAF4BA6-C336-497F-9229-B38618BA92DA}.Release|Any CPU.Build.0 = Release|Any CPU
		{437FD447-44DE-4893-AE7A-286647DA4DB7}.Debug|Any CPU.ActiveCfg = Debug|Any CPU
		{437FD447-44DE-4893-AE7A-286647DA4DB7}.Debug|Any CPU.Build.0 = Debug|Any CPU
		{437FD447-44DE-4893-AE7A-286647DA4DB7}.Release|Any CPU.ActiveCfg = Release|Any CPU
		{437FD447-44DE-4893-AE7A-286647DA4DB7}.Release|Any CPU.Build.0 = Release|Any CPU
		{27D55080-861B-48FA-B648-A3FAAB76B891}.Debug|Any CPU.ActiveCfg = Debug|Any CPU
		{27D55080-861B-48FA-B648-A3FAAB76B891}.Debug|Any CPU.Build.0 = Debug|Any CPU
		{27D55080-861B-48FA-B648-A3FAAB76B891}.Release|Any CPU.ActiveCfg = Release|Any CPU
		{27D55080-861B-48FA-B648-A3FAAB76B891}.Release|Any CPU.Build.0 = Release|Any CPU
	EndGlobalSection
	GlobalSection(SolutionProperties) = preSolution
		HideSolutionNode = FALSE
	EndGlobalSection
	GlobalSection(ExtensibilityGlobals) = postSolution
		SolutionGuid = {56751390-6E43-43C7-AE33-86EC3661C5A7}
	EndGlobalSection
EndGlobal
